PODS:
  - DebugPanel (1.0.7-SNAPSHOT):
    - Trikot/viewmodels.declarative.SwiftUI.flow
    - TRIKOT_FRAMEWORK_NAME
  - Kingfisher (7.8.1)
  - SwiftUIIntrospect (1.1.1)
  - Trikot/viewmodels.declarative.flow (5.3.0):
    - TRIKOT_FRAMEWORK_NAME
  - Trikot/viewmodels.declarative.SwiftUI.flow (5.3.0):
    - Kingfisher (~> 7.8.1)
    - SwiftUIIntrospect (~> 1.0)
    - Trikot/viewmodels.declarative.flow
    - TRIKOT_FRAMEWORK_NAME
  - TRIKOT_FRAMEWORK_NAME (1.0)

DEPENDENCIES:
  - DebugPanel (from `../../`)
  - "Trikot/viewmodels.declarative.SwiftUI.flow (from `git@github.com:mirego/trikot.git`, tag `5.3.0`)"
  - TRIKOT_FRAMEWORK_NAME (from `../common`)

SPEC REPOS:
  trunk:
    - Kingfisher
    - SwiftUIIntrospect

EXTERNAL SOURCES:
  DebugPanel:
    :path: "../../"
  Trikot:
    :git: "git@github.com:mirego/trikot.git"
    :tag: 5.3.0
  TRIKOT_FRAMEWORK_NAME:
    :path: "../common"

CHECKOUT OPTIONS:
  Trikot:
    :git: "git@github.com:mirego/trikot.git"
    :tag: 5.3.0

SPEC CHECKSUMS:
  DebugPanel: 70a9d2667e24f78adcb32f5c8749ac0263cd36fe
  Kingfisher: 63f677311d36a3473f6b978584f8a3845d023dc5
  SwiftUIIntrospect: db5290a3492424eb4afcab77cebcd4595de3bd71
  Trikot: 3f21d54bfbd1000f054a8e3f037d4048a91d1c82
  TRIKOT_FRAMEWORK_NAME: 326c9c2d849c9f647b53711c2bb08e774c093c5b

PODFILE CHECKSUM: a4b2796bc2fb6bf2dd205c4224d091281bda6907

COCOAPODS: 1.15.0
